{
  "lockfile_version": "1",
  "packages": {
    "bash@latest": {
      "last_modified": "2025-07-13T22:45:35Z",
      "resolved": "github:NixOS/nixpkgs/a421ac6595024edcfbb1ef950a3712b89161c359#bash",
      "source": "devbox-search",
      "version": "5.2p37",
      "systems": {
        "aarch64-darwin": {
          "outputs": [
            {
              "name": "out",
              "path": "/nix/store/r8mys58rvggcf63p4rf308fdm1z3zalp-bash-interactive-5.2p37",
              "default": true
            },
            {
              "name": "man",
              "path": "/nix/store/3g9pwbzp8c28yb07mhsyw0n2rx9y1a6h-bash-interactive-5.2p37-man",
              "default": true
            },
            {
              "name": "dev",
              "path": "/nix/store/c3w5g0ks2x9827s3987qjp79ca0iv0pl-bash-interactive-5.2p37-dev"
            },
            {
              "name": "doc",
              "path": "/nix/store/ayimcp8jykw7f4c0j1c222kxn5c7dkpm-bash-interactive-5.2p37-doc"
            },
            {
              "name": "info",
              "path": "/nix/store/pd598gflgjyacnvsapridw9qd4qhlvla-bash-interactive-5.2p37-info"
            }
          ],
          "store_path": "/nix/store/r8mys58rvggcf63p4rf308fdm1z3zalp-bash-interactive-5.2p37"
        },
        "aarch64-linux": {
          "outputs": [
            {
              "name": "out",
              "path": "/nix/store/am9k8b7hdld0a0x8jwc9z1plk0137rbh-bash-interactive-5.2p37",
              "default": true
            },
            {
              "name": "man",
              "path": "/nix/store/4cn42zi999alaxljl4fqg88whk5c1dha-bash-interactive-5.2p37-man",
              "default": true
            },
            {
              "name": "doc",
              "path": "/nix/store/c5c454v3fphfz5dkm84f54hin1ycchaj-bash-interactive-5.2p37-doc"
            },
            {
              "name": "info",
              "path": "/nix/store/781q0jn3lrb0nlhsr0lq2qmbq6ah7kgf-bash-interactive-5.2p37-info"
            },
            {
              "name": "debug",
              "path": "/nix/store/sndpckv1x4rj18n6ld56k4dggcbn7jcb-bash-interactive-5.2p37-debug"
            },
            {
              "name": "dev",
              "path": "/nix/store/jzzlcd3rphix0vgaac81nncmybs5aqx6-bash-interactive-5.2p37-dev"
            }
          ],
          "store_path": "/nix/store/am9k8b7hdld0a0x8jwc9z1plk0137rbh-bash-interactive-5.2p37"
        },
        "x86_64-darwin": {
          "outputs": [
            {
              "name": "out",
              "path": "/nix/store/gy9id3fyi8jldv0wyqc76pwd63n3pccb-bash-interactive-5.2p37",
              "default": true
            },
            {
              "name": "man",
              "path": "/nix/store/n6h4l2rhxjf0xgv4lsz2h1kd1qq4nhm9-bash-interactive-5.2p37-man",
              "default": true
            },
            {
              "name": "info",
              "path": "/nix/store/xvr61yf7v6vh1p5iz2zjnin86vz9ssk3-bash-interactive-5.2p37-info"
            },
            {
              "name": "dev",
              "path": "/nix/store/rnxrd8yw1y4g0w21hnwsarwar3cm67qr-bash-interactive-5.2p37-dev"
            },
            {
              "name": "doc",
              "path": "/nix/store/cs9k7vjg4j88s183nqf263gyqvj6s9kf-bash-interactive-5.2p37-doc"
            }
          ],
          "store_path": "/nix/store/gy9id3fyi8jldv0wyqc76pwd63n3pccb-bash-interactive-5.2p37"
        },
        "x86_64-linux": {
          "outputs": [
            {
              "name": "out",
              "path": "/nix/store/345523198bcsdzay55pfiimkiajq6lq8-bash-interactive-5.2p37",
              "default": true
            },
            {
              "name": "man",
              "path": "/nix/store/4q8mvi2299fva95zng5mmzx5cfn55arm-bash-interactive-5.2p37-man",
              "default": true
            },
            {
              "name": "debug",
              "path": "/nix/store/2v3flxqmfzpy9nd2xpc764ns18k1f0jn-bash-interactive-5.2p37-debug"
            },
            {
              "name": "dev",
              "path": "/nix/store/k701sazxr55f6r766g20gc4jc0fa8vqm-bash-interactive-5.2p37-dev"
            },
            {
              "name": "doc",
              "path": "/nix/store/ch4abqj73gl5qykjishy5n7xzhx55pxz-bash-interactive-5.2p37-doc"
            },
            {
              "name": "info",
              "path": "/nix/store/ndqjkzwnw2ri8k8g67r1fcyka90l84j2-bash-interactive-5.2p37-info"
            }
          ],
          "store_path": "/nix/store/345523198bcsdzay55pfiimkiajq6lq8-bash-interactive-5.2p37"
        }
      }
    },
    "clusterctl@latest": {
      "last_modified": "2025-07-13T22:45:35Z",
      "resolved": "github:NixOS/nixpkgs/a421ac6595024edcfbb1ef950a3712b89161c359#clusterctl",
      "source": "devbox-search",
      "version": "1.10.3",
      "systems": {
        "aarch64-darwin": {
          "outputs": [
            {
              "name": "out",
              "path": "/nix/store/jjyyxhl32szvqwik86yf4hkwpgqy6r5g-clusterctl-1.10.3",
              "default": true
            }
          ],
          "store_path": "/nix/store/jjyyxhl32szvqwik86yf4hkwpgqy6r5g-clusterctl-1.10.3"
        },
        "aarch64-linux": {
          "outputs": [
            {
              "name": "out",
              "path": "/nix/store/lqkbc4c3nj9m76w1wajaz20acbj1jy8q-clusterctl-1.10.3",
              "default": true
            }
          ],
          "store_path": "/nix/store/lqkbc4c3nj9m76w1wajaz20acbj1jy8q-clusterctl-1.10.3"
        },
        "x86_64-darwin": {
          "outputs": [
            {
              "name": "out",
              "path": "/nix/store/5r9rpv57gcn9z0lbkcrxk0a5gbcl3x1n-clusterctl-1.10.3",
              "default": true
            }
          ],
          "store_path": "/nix/store/5r9rpv57gcn9z0lbkcrxk0a5gbcl3x1n-clusterctl-1.10.3"
        },
        "x86_64-linux": {
          "outputs": [
            {
              "name": "out",
              "path": "/nix/store/802kd0r2z7nq7rjcr8l89m054dj11hq7-clusterctl-1.10.3",
              "default": true
            }
          ],
          "store_path": "/nix/store/802kd0r2z7nq7rjcr8l89m054dj11hq7-clusterctl-1.10.3"
        }
      }
    },
    "coreutils@latest": {
      "last_modified": "2025-07-13T22:45:35Z",
      "resolved": "github:NixOS/nixpkgs/a421ac6595024edcfbb1ef950a3712b89161c359#coreutils",
      "source": "devbox-search",
      "version": "9.7",
      "systems": {
        "aarch64-darwin": {
          "outputs": [
            {
              "name": "out",
              "path": "/nix/store/avh1maz05kap7i4cqxwjmh04k9kkfx46-coreutils-9.7",
              "default": true
            },
            {
              "name": "info",
              "path": "/nix/store/fl61rhxfm6nkpqwnfwi8n5m2mlizwzw8-coreutils-9.7-info"
            }
          ],
          "store_path": "/nix/store/avh1maz05kap7i4cqxwjmh04k9kkfx46-coreutils-9.7"
        },
        "aarch64-linux": {
          "outputs": [
            {
              "name": "out",
              "path": "/nix/store/yh10czs8i3ppbhz780ix1m2xw98g74j9-coreutils-9.7",
              "default": true
            },
            {
              "name": "debug",
              "path": "/nix/store/kj4xwwd8dskqckn611bz3k8fpd77wj8f-coreutils-9.7-debug"
            },
            {
              "name": "info",
              "path": "/nix/store/k2ghmmn3ci9jy0glzgmfaw179d7gplk0-coreutils-9.7-info"
            }
          ],
          "store_path": "/nix/store/yh10czs8i3ppbhz780ix1m2xw98g74j9-coreutils-9.7"
        },
        "x86_64-darwin": {
          "outputs": [
            {
              "name": "out",
              "path": "/nix/store/xyg9iar3jl034lp61sv7vscvmfv0ifp8-coreutils-9.7",
              "default": true
            },
            {
              "name": "info",
              "path": "/nix/store/19ki8bg4bwm0p0dyngzsa8q0y1d05bpz-coreutils-9.7-info"
            }
          ],
          "store_path": "/nix/store/xyg9iar3jl034lp61sv7vscvmfv0ifp8-coreutils-9.7"
        },
        "x86_64-linux": {
          "outputs": [
            {
              "name": "out",
              "path": "/nix/store/0qrgvvnnvw55xnk7bn8pbz2rqy6m8x15-coreutils-9.7",
              "default": true
            },
            {
              "name": "debug",
              "path": "/nix/store/9vciakx2jjg9ddgznvy0qzp6wpx8rnql-coreutils-9.7-debug"
            },
            {
              "name": "info",
              "path": "/nix/store/v3fn63r3bw93chibfbxb4igcfczf1qry-coreutils-9.7-info"
            }
          ],
          "store_path": "/nix/store/0qrgvvnnvw55xnk7bn8pbz2rqy6m8x15-coreutils-9.7"
        }
      }
    },
    "envsubst@latest": {
      "last_modified": "2025-07-13T22:45:35Z",
      "resolved": "github:NixOS/nixpkgs/a421ac6595024edcfbb1ef950a3712b89161c359#envsubst",
      "source": "devbox-search",
      "version": "1.4.3",
      "systems": {
        "aarch64-darwin": {
          "outputs": [
            {
              "name": "out",
              "path": "/nix/store/hhhr6ah31vvxlk805y4ffw9rmg8zp988-envsubst-1.4.3",
              "default": true
            }
          ],
          "store_path": "/nix/store/hhhr6ah31vvxlk805y4ffw9rmg8zp988-envsubst-1.4.3"
        },
        "aarch64-linux": {
          "outputs": [
            {
              "name": "out",
              "path": "/nix/store/gp1ikhqvxvbr5nc0rfrl0ymyak5g8vi6-envsubst-1.4.3",
              "default": true
            }
          ],
          "store_path": "/nix/store/gp1ikhqvxvbr5nc0rfrl0ymyak5g8vi6-envsubst-1.4.3"
        },
        "x86_64-darwin": {
          "outputs": [
            {
              "name": "out",
              "path": "/nix/store/1g13l79s38cimyr69awxh84zr8yzal6i-envsubst-1.4.3",
              "default": true
            }
          ],
          "store_path": "/nix/store/1g13l79s38cimyr69awxh84zr8yzal6i-envsubst-1.4.3"
        },
        "x86_64-linux": {
          "outputs": [
            {
              "name": "out",
              "path": "/nix/store/wvdv4ld5dz719ibfmpvk06kiff2ygn27-envsubst-1.4.3",
              "default": true
            }
          ],
          "store_path": "/nix/store/wvdv4ld5dz719ibfmpvk06kiff2ygn27-envsubst-1.4.3"
        }
      }
    },
    "fping@latest": {
      "last_modified": "2025-07-13T22:45:35Z",
      "resolved": "github:NixOS/nixpkgs/a421ac6595024edcfbb1ef950a3712b89161c359#fping",
      "source": "devbox-search",
      "version": "5.3",
      "systems": {
        "aarch64-darwin": {
          "outputs": [
            {
              "name": "out",
              "path": "/nix/store/hcjp1nl7pi80bspmjiindgiq8y5lsc87-fping-5.3",
              "default": true
            }
          ],
          "store_path": "/nix/store/hcjp1nl7pi80bspmjiindgiq8y5lsc87-fping-5.3"
        },
        "aarch64-linux": {
          "outputs": [
            {
              "name": "out",
              "path": "/nix/store/xzm7sygsmbvp1q7xgxyw1p7kc4rq8r3j-fping-5.3",
              "default": true
            }
          ],
          "store_path": "/nix/store/xzm7sygsmbvp1q7xgxyw1p7kc4rq8r3j-fping-5.3"
        },
        "x86_64-darwin": {
          "outputs": [
            {
              "name": "out",
              "path": "/nix/store/kgs8440j3pmdnj3bdaa76svscj281b5v-fping-5.3",
              "default": true
            }
          ],
          "store_path": "/nix/store/kgs8440j3pmdnj3bdaa76svscj281b5v-fping-5.3"
        },
        "x86_64-linux": {
          "outputs": [
            {
              "name": "out",
              "path": "/nix/store/735hm9b54p7s86k7v882r2k8z74clhl9-fping-5.3",
              "default": true
            }
          ],
          "store_path": "/nix/store/735hm9b54p7s86k7v882r2k8z74clhl9-fping-5.3"
        }
      }
    },
    "ginkgo@latest": {
      "last_modified": "2025-07-13T22:45:35Z",
      "resolved": "github:NixOS/nixpkgs/a421ac6595024edcfbb1ef950a3712b89161c359#ginkgo",
      "source": "devbox-search",
      "version": "2.23.4",
      "systems": {
        "aarch64-darwin": {
          "outputs": [
            {
              "name": "out",
              "path": "/nix/store/dry2vryk6w8hjkzbfv9mnr9k4mrzcpqw-ginkgo-2.23.4",
              "default": true
            }
          ],
          "store_path": "/nix/store/dry2vryk6w8hjkzbfv9mnr9k4mrzcpqw-ginkgo-2.23.4"
        },
        "aarch64-linux": {
          "outputs": [
            {
              "name": "out",
              "path": "/nix/store/p0pv29k0i7mj5bi8fs3sgas4q2kg6807-ginkgo-2.23.4",
              "default": true
            }
          ],
          "store_path": "/nix/store/p0pv29k0i7mj5bi8fs3sgas4q2kg6807-ginkgo-2.23.4"
        },
        "x86_64-darwin": {
          "outputs": [
            {
              "name": "out",
              "path": "/nix/store/ggvvhiwqqhig1xmfnkda2kp0qw4g9cpp-ginkgo-2.23.4",
              "default": true
            }
          ],
          "store_path": "/nix/store/ggvvhiwqqhig1xmfnkda2kp0qw4g9cpp-ginkgo-2.23.4"
        },
        "x86_64-linux": {
          "outputs": [
            {
              "name": "out",
              "path": "/nix/store/f6cqkmkb4zjg0gj85mr9bnjbihq3zr2g-ginkgo-2.23.4",
              "default": true
            }
          ],
          "store_path": "/nix/store/f6cqkmkb4zjg0gj85mr9bnjbihq3zr2g-ginkgo-2.23.4"
        }
      }
    },
    "github:NixOS/nixpkgs/nixpkgs-unstable": {
      "last_modified": "2025-07-15T16:15:05Z",
      "resolved": "github:NixOS/nixpkgs/dab3a6e781554f965bde3def0aa2fda4eb8f1708?lastModified=1752596105"
    },
    "gnumake@latest": {
      "last_modified": "2025-07-13T22:45:35Z",
      "resolved": "github:NixOS/nixpkgs/a421ac6595024edcfbb1ef950a3712b89161c359#gnumake",
      "source": "devbox-search",
      "version": "4.4.1",
      "systems": {
        "aarch64-darwin": {
          "outputs": [
            {
              "name": "out",
              "path": "/nix/store/6qc753sz4v5bmn96z92q2ypldd7zqrhj-gnumake-4.4.1",
              "default": true
            },
            {
              "name": "man",
              "path": "/nix/store/qxy0i7hk024aqflchszip3dsxarvf68i-gnumake-4.4.1-man",
              "default": true
            },
            {
              "name": "info",
              "path": "/nix/store/j67qw1nv4r8wynnkqffqiw3ql3i83ssz-gnumake-4.4.1-info"
            }
          ],
          "store_path": "/nix/store/6qc753sz4v5bmn96z92q2ypldd7zqrhj-gnumake-4.4.1"
        },
        "aarch64-linux": {
          "outputs": [
            {
              "name": "out",
              "path": "/nix/store/n7b7dzn2mcavs7x6g7hda5bisbc9bazg-gnumake-4.4.1",
              "default": true
            },
            {
              "name": "man",
              "path": "/nix/store/d4shlzclcnnh8klgqrp3sbypyl2hah76-gnumake-4.4.1-man",
              "default": true
            },
            {
              "name": "debug",
              "path": "/nix/store/4j4kdgjg2myl83x72827yig5dylbjya5-gnumake-4.4.1-debug"
            },
            {
              "name": "info",
              "path": "/nix/store/0hblv9cfmxz9wr8swwm6irac7cfly589-gnumake-4.4.1-info"
            }
          ],
          "store_path": "/nix/store/n7b7dzn2mcavs7x6g7hda5bisbc9bazg-gnumake-4.4.1"
        },
        "x86_64-darwin": {
          "outputs": [
            {
              "name": "out",
              "path": "/nix/store/7rdn2s6kaf6myr0bkby1az3ybxdhxrn3-gnumake-4.4.1",
              "default": true
            },
            {
              "name": "man",
              "path": "/nix/store/v88r9cdm9arv2dw7xhs5w3y371l0zfj3-gnumake-4.4.1-man",
              "default": true
            },
            {
              "name": "info",
              "path": "/nix/store/2x1hgfkqmdjkf9kb804fwbvpb7s3yk1m-gnumake-4.4.1-info"
            }
          ],
          "store_path": "/nix/store/7rdn2s6kaf6myr0bkby1az3ybxdhxrn3-gnumake-4.4.1"
        },
        "x86_64-linux": {
          "outputs": [
            {
              "name": "out",
              "path": "/nix/store/34j18r2rpi7js1whmvzm9wliad55rilr-gnumake-4.4.1",
              "default": true
            },
            {
              "name": "man",
              "path": "/nix/store/ymnkjk2mcslgmhrhcrvplspwybcs95l8-gnumake-4.4.1-man",
              "default": true
            },
            {
              "name": "debug",
              "path": "/nix/store/dlkw5480vfxdi21rybli43ii782czp94-gnumake-4.4.1-debug"
            },
            {
              "name": "info",
              "path": "/nix/store/b2sc88lanrnbr4xwnxlkjzqc35lbspwz-gnumake-4.4.1-info"
            }
          ],
          "store_path": "/nix/store/34j18r2rpi7js1whmvzm9wliad55rilr-gnumake-4.4.1"
        }
      }
    },
    "go@latest": {
      "last_modified": "2025-07-13T22:45:35Z",
      "resolved": "github:NixOS/nixpkgs/a421ac6595024edcfbb1ef950a3712b89161c359#go",
      "source": "devbox-search",
      "version": "1.24.4",
      "systems": {
        "aarch64-darwin": {
          "outputs": [
            {
              "name": "out",
              "path": "/nix/store/f4a0g1p943l61wfvqnpdr73v9bsyfhf2-go-1.24.4",
              "default": true
            }
          ],
          "store_path": "/nix/store/f4a0g1p943l61wfvqnpdr73v9bsyfhf2-go-1.24.4"
        },
        "aarch64-linux": {
          "outputs": [
            {
              "name": "out",
              "path": "/nix/store/mdyik6amglpjs533vk927f9w1qmyw239-go-1.24.4",
              "default": true
            }
          ],
          "store_path": "/nix/store/mdyik6amglpjs533vk927f9w1qmyw239-go-1.24.4"
        },
        "x86_64-darwin": {
          "outputs": [
            {
              "name": "out",
              "path": "/nix/store/b56ngr9p7x6z368w8m7ps95r3x8gdfv7-go-1.24.4",
              "default": true
            }
          ],
          "store_path": "/nix/store/b56ngr9p7x6z368w8m7ps95r3x8gdfv7-go-1.24.4"
        },
        "x86_64-linux": {
          "outputs": [
            {
              "name": "out",
              "path": "/nix/store/xrzqlk92h7z5mz9mlc4a9dyy91n5b68i-go-1.24.4",
              "default": true
            }
          ],
          "store_path": "/nix/store/xrzqlk92h7z5mz9mlc4a9dyy91n5b68i-go-1.24.4"
        }
      }
    },
    "gotestsum@latest": {
      "last_modified": "2025-07-13T22:45:35Z",
      "resolved": "github:NixOS/nixpkgs/a421ac6595024edcfbb1ef950a3712b89161c359#gotestsum",
      "source": "devbox-search",
      "version": "1.12.3",
      "systems": {
        "aarch64-darwin": {
          "outputs": [
            {
              "name": "out",
              "path": "/nix/store/3zj7hs2is5vs3jrpws5739q40dcq9hmv-gotestsum-1.12.3",
              "default": true
            }
          ],
          "store_path": "/nix/store/3zj7hs2is5vs3jrpws5739q40dcq9hmv-gotestsum-1.12.3"
        },
        "aarch64-linux": {
          "outputs": [
            {
              "name": "out",
              "path": "/nix/store/6hm1kfs88q0f53q1jh7hqa4prcmj4gkv-gotestsum-1.12.3",
              "default": true
            }
          ],
          "store_path": "/nix/store/6hm1kfs88q0f53q1jh7hqa4prcmj4gkv-gotestsum-1.12.3"
        },
        "x86_64-darwin": {
          "outputs": [
            {
              "name": "out",
              "path": "/nix/store/l8zgxlq0q747i45ikgb0lhscrfpssd5i-gotestsum-1.12.3",
              "default": true
            }
          ],
          "store_path": "/nix/store/l8zgxlq0q747i45ikgb0lhscrfpssd5i-gotestsum-1.12.3"
        },
        "x86_64-linux": {
          "outputs": [
            {
              "name": "out",
              "path": "/nix/store/apgl6kl31fdzg0s0xjlwlz685bn8zk3f-gotestsum-1.12.3",
              "default": true
            }
          ],
          "store_path": "/nix/store/apgl6kl31fdzg0s0xjlwlz685bn8zk3f-gotestsum-1.12.3"
        }
      }
    },
    "kind@latest": {
      "last_modified": "2025-07-13T22:45:35Z",
      "resolved": "github:NixOS/nixpkgs/a421ac6595024edcfbb1ef950a3712b89161c359#kind",
      "source": "devbox-search",
      "version": "0.29.0",
      "systems": {
        "aarch64-darwin": {
          "outputs": [
            {
              "name": "out",
              "path": "/nix/store/hdvmcakmznrsgl9pjcanr2h6qv126n4b-kind-0.29.0",
              "default": true
            }
          ],
          "store_path": "/nix/store/hdvmcakmznrsgl9pjcanr2h6qv126n4b-kind-0.29.0"
        },
        "aarch64-linux": {
          "outputs": [
            {
              "name": "out",
              "path": "/nix/store/xl038i13lbqm7l7ba6b1bf50n6jsf7si-kind-0.29.0",
              "default": true
            }
          ],
          "store_path": "/nix/store/xl038i13lbqm7l7ba6b1bf50n6jsf7si-kind-0.29.0"
        },
        "x86_64-darwin": {
          "outputs": [
            {
              "name": "out",
              "path": "/nix/store/pbycgb539fzywy96fz46g5k5gjwvafz7-kind-0.29.0",
              "default": true
            }
          ],
          "store_path": "/nix/store/pbycgb539fzywy96fz46g5k5gjwvafz7-kind-0.29.0"
        },
        "x86_64-linux": {
          "outputs": [
            {
              "name": "out",
              "path": "/nix/store/61cw38fcwwyrja1a4zxwrfmdq7j3m4hd-kind-0.29.0",
              "default": true
            }
          ],
          "store_path": "/nix/store/61cw38fcwwyrja1a4zxwrfmdq7j3m4hd-kind-0.29.0"
        }
      }
    },
    "ko@latest": {
      "last_modified": "2025-07-13T22:45:35Z",
      "resolved": "github:NixOS/nixpkgs/a421ac6595024edcfbb1ef950a3712b89161c359#ko",
      "source": "devbox-search",
      "version": "0.18.0",
      "systems": {
        "aarch64-darwin": {
          "outputs": [
            {
              "name": "out",
              "path": "/nix/store/lz3whf4adf2h7s01vshxwx3iz36p92a9-ko-0.18.0",
              "default": true
            }
          ],
          "store_path": "/nix/store/lz3whf4adf2h7s01vshxwx3iz36p92a9-ko-0.18.0"
        },
        "aarch64-linux": {
          "outputs": [
            {
              "name": "out",
              "path": "/nix/store/73pylpc159icp54h9gqicg83529fyv71-ko-0.18.0",
              "default": true
            }
          ],
          "store_path": "/nix/store/73pylpc159icp54h9gqicg83529fyv71-ko-0.18.0"
        },
        "x86_64-darwin": {
          "outputs": [
            {
              "name": "out",
              "path": "/nix/store/kvg377y0lb7y5rrr3jckjhjivmpspb23-ko-0.18.0",
              "default": true
            }
          ],
          "store_path": "/nix/store/kvg377y0lb7y5rrr3jckjhjivmpspb23-ko-0.18.0"
        },
        "x86_64-linux": {
          "outputs": [
            {
              "name": "out",
              "path": "/nix/store/wxik3vvcm9n64vh1azaj69jgw7cv98b9-ko-0.18.0",
              "default": true
            }
          ],
          "store_path": "/nix/store/wxik3vvcm9n64vh1azaj69jgw7cv98b9-ko-0.18.0"
        }
      }
    },
    "kubectl@latest": {
      "last_modified": "2025-07-13T22:45:35Z",
      "resolved": "github:NixOS/nixpkgs/a421ac6595024edcfbb1ef950a3712b89161c359#kubectl",
      "source": "devbox-search",
      "version": "1.33.2",
      "systems": {
        "aarch64-darwin": {
          "outputs": [
            {
              "name": "out",
              "path": "/nix/store/l3716q45znc72mfa6fp47q9sn69hmcla-kubectl-1.33.2",
              "default": true
            },
            {
              "name": "man",
              "path": "/nix/store/366v9mv6zb1a4j3fa7bxbc21ka98k3dn-kubectl-1.33.2-man",
              "default": true
            },
            {
              "name": "convert",
              "path": "/nix/store/77xnk3izgn6j86wmxx26adcxf542rr9p-kubectl-1.33.2-convert"
            }
          ],
          "store_path": "/nix/store/l3716q45znc72mfa6fp47q9sn69hmcla-kubectl-1.33.2"
        },
        "aarch64-linux": {
          "outputs": [
            {
              "name": "out",
              "path": "/nix/store/4wfikcyl4c1j4a8r6s3a1aiz576dyvnz-kubectl-1.33.2",
              "default": true
            },
            {
              "name": "man",
              "path": "/nix/store/8hlxcrbmnfgalcbi7c5qcwqgs7576jjz-kubectl-1.33.2-man",
              "default": true
            },
            {
              "name": "convert",
              "path": "/nix/store/kz76zfr3fxsqx439w8qzw22pvk8ksnxs-kubectl-1.33.2-convert"
            }
          ],
          "store_path": "/nix/store/4wfikcyl4c1j4a8r6s3a1aiz576dyvnz-kubectl-1.33.2"
        },
        "x86_64-darwin": {
          "outputs": [
            {
              "name": "out",
              "path": "/nix/store/hcki0d8h5k17mpfgjcs2ib7bj0mp1y4j-kubectl-1.33.2",
              "default": true
            },
            {
              "name": "man",
              "path": "/nix/store/jmzqw99v1zw2hlkz3hl1np08sgs5qyj5-kubectl-1.33.2-man",
              "default": true
            },
            {
              "name": "convert",
              "path": "/nix/store/i39jaxg44akik942svgbbsz0fqwd2szb-kubectl-1.33.2-convert"
            }
          ],
          "store_path": "/nix/store/hcki0d8h5k17mpfgjcs2ib7bj0mp1y4j-kubectl-1.33.2"
        },
        "x86_64-linux": {
          "outputs": [
            {
              "name": "out",
              "path": "/nix/store/6qq4mnx220gb3iaggsgb90w9h9xlq1j8-kubectl-1.33.2",
              "default": true
            },
            {
              "name": "man",
              "path": "/nix/store/7fczlca4ccaqs2cy7rvdcrbs9rbm924r-kubectl-1.33.2-man",
              "default": true
            },
            {
              "name": "convert",
              "path": "/nix/store/qxl73ma1sg0i3d02mvcw536yad0ihj33-kubectl-1.33.2-convert"
            }
          ],
          "store_path": "/nix/store/6qq4mnx220gb3iaggsgb90w9h9xlq1j8-kubectl-1.33.2"
        }
      }
    }
  }
}
