{
  "lockfile_version": "1",
  "packages": {
    "bash@latest": {
      "last_modified": "2025-10-12T08:13:11Z",
      "resolved": "github:NixOS/nixpkgs/832e3b6db48508ae436c2c7bfc0cf914eac6938e#bash",
      "source": "devbox-search",
      "version": "5.3p3",
      "systems": {
        "aarch64-darwin": {
          "outputs": [
            {
              "name": "out",
              "path": "/nix/store/j26b6rcrvvpvqqcq5gmzxxipjb8ycy09-bash-interactive-5.3p3",
              "default": true
            },
            {
              "name": "man",
              "path": "/nix/store/cwcwxkws8f40v7vqy1psq3czsjhqvff5-bash-interactive-5.3p3-man",
              "default": true
            },
            {
              "name": "dev",
              "path": "/nix/store/py3p8wc5dhgd04kyww4hvhwf40g1fbj8-bash-interactive-5.3p3-dev"
            },
            {
              "name": "doc",
              "path": "/nix/store/bplvdnvr47g06ifw5ksjxkd9dvjw21pq-bash-interactive-5.3p3-doc"
            },
            {
              "name": "info",
              "path": "/nix/store/fzk74pz9xa69zzc3hwrcvlks6n55phi7-bash-interactive-5.3p3-info"
            }
          ],
          "store_path": "/nix/store/j26b6rcrvvpvqqcq5gmzxxipjb8ycy09-bash-interactive-5.3p3"
        },
        "aarch64-linux": {
          "outputs": [
            {
              "name": "out",
              "path": "/nix/store/fd0lzh4h1q0yciaary1wwk3i2p4x3741-bash-interactive-5.3p3",
              "default": true
            },
            {
              "name": "man",
              "path": "/nix/store/1q5rqakisr3f2vni8hzn4b5ks54gamga-bash-interactive-5.3p3-man",
              "default": true
            },
            {
              "name": "debug",
              "path": "/nix/store/1kmjszxmn1wf2afy2yrqanph47x8n8nz-bash-interactive-5.3p3-debug"
            },
            {
              "name": "dev",
              "path": "/nix/store/48yddf1lng0yx0qs2bh9znbv4grbdm9s-bash-interactive-5.3p3-dev"
            },
            {
              "name": "doc",
              "path": "/nix/store/6mr9lld6dv2cz01kk4zm6jnjvxbdg0j3-bash-interactive-5.3p3-doc"
            },
            {
              "name": "info",
              "path": "/nix/store/mcyvhns8hfjhz6qbjf0yacrvwq98abvh-bash-interactive-5.3p3-info"
            }
          ],
          "store_path": "/nix/store/fd0lzh4h1q0yciaary1wwk3i2p4x3741-bash-interactive-5.3p3"
        },
        "x86_64-darwin": {
          "outputs": [
            {
              "name": "out",
              "path": "/nix/store/7xankm2z1b9fqhs7pwymvqkpyf8ncgp1-bash-interactive-5.3p3",
              "default": true
            },
            {
              "name": "man",
              "path": "/nix/store/0nsjpji5w3dgz0c8id82y4jr4yrnnfzd-bash-interactive-5.3p3-man",
              "default": true
            },
            {
              "name": "dev",
              "path": "/nix/store/dr7rv9n1wd9gasrjx8pnz2c7mqvplnj9-bash-interactive-5.3p3-dev"
            },
            {
              "name": "doc",
              "path": "/nix/store/izhcx09is4ps35c3yrgiy0y1gq19k26m-bash-interactive-5.3p3-doc"
            },
            {
              "name": "info",
              "path": "/nix/store/awz9dgazrdynaijgm3zcb7rmf4h5x4ii-bash-interactive-5.3p3-info"
            }
          ],
          "store_path": "/nix/store/7xankm2z1b9fqhs7pwymvqkpyf8ncgp1-bash-interactive-5.3p3"
        },
        "x86_64-linux": {
          "outputs": [
            {
              "name": "out",
              "path": "/nix/store/2j7r5np0vaz4cnqkymp1mqivmjj1x9xl-bash-interactive-5.3p3",
              "default": true
            },
            {
              "name": "man",
              "path": "/nix/store/yk0sm9y6pwjf595s9d9hk4yphrhadq8m-bash-interactive-5.3p3-man",
              "default": true
            },
            {
              "name": "debug",
              "path": "/nix/store/2kzx5xcc9qqjv3sbm3k145qai8j2si3k-bash-interactive-5.3p3-debug"
            },
            {
              "name": "dev",
              "path": "/nix/store/64fl347asdaq87pskx9d8ij9yv4s4895-bash-interactive-5.3p3-dev"
            },
            {
              "name": "doc",
              "path": "/nix/store/mpvcfv6b0z00jmpqgjljap67rsilcjvw-bash-interactive-5.3p3-doc"
            },
            {
              "name": "info",
              "path": "/nix/store/i4scy74k3rp2vw3ccla2k940hmkpnn87-bash-interactive-5.3p3-info"
            }
          ],
          "store_path": "/nix/store/2j7r5np0vaz4cnqkymp1mqivmjj1x9xl-bash-interactive-5.3p3"
        }
      }
    },
    "clusterctl@latest": {
      "last_modified": "2025-10-09T02:37:25Z",
      "resolved": "github:NixOS/nixpkgs/2dad7af78a183b6c486702c18af8a9544f298377#clusterctl",
      "source": "devbox-search",
      "version": "1.11.2",
      "systems": {
        "aarch64-darwin": {
          "outputs": [
            {
              "name": "out",
              "path": "/nix/store/s8w7v883hdvvsnz6zwj130map9zrz48w-clusterctl-1.11.2",
              "default": true
            }
          ],
          "store_path": "/nix/store/s8w7v883hdvvsnz6zwj130map9zrz48w-clusterctl-1.11.2"
        },
        "aarch64-linux": {
          "outputs": [
            {
              "name": "out",
              "path": "/nix/store/hng6254701qjj6bc33305kabwc7l2srb-clusterctl-1.11.2",
              "default": true
            }
          ],
          "store_path": "/nix/store/hng6254701qjj6bc33305kabwc7l2srb-clusterctl-1.11.2"
        },
        "x86_64-darwin": {
          "outputs": [
            {
              "name": "out",
              "path": "/nix/store/lcsnv5yywzlxrxd6yy9yc01xdbxhvm4z-clusterctl-1.11.2",
              "default": true
            }
          ],
          "store_path": "/nix/store/lcsnv5yywzlxrxd6yy9yc01xdbxhvm4z-clusterctl-1.11.2"
        },
        "x86_64-linux": {
          "outputs": [
            {
              "name": "out",
              "path": "/nix/store/6an4s41l067zj8qcdfimlii6xb8zqrc5-clusterctl-1.11.2",
              "default": true
            }
          ],
          "store_path": "/nix/store/6an4s41l067zj8qcdfimlii6xb8zqrc5-clusterctl-1.11.2"
        }
      }
    },
    "coreutils@latest": {
      "last_modified": "2025-10-13T09:56:54Z",
      "resolved": "github:NixOS/nixpkgs/c12c63cd6c5eb34c7b4c3076c6a99e00fcab86ec#coreutils",
      "source": "devbox-search",
      "version": "9.7",
      "systems": {
        "aarch64-darwin": {
          "outputs": [
            {
              "name": "out",
              "path": "/nix/store/mql535fpbrcjrq1b4bramynsdzxqqbf6-coreutils-9.7",
              "default": true
            },
            {
              "name": "info",
              "path": "/nix/store/ps7dqzpcwg6kpss3y546xr63zcbydr6j-coreutils-9.7-info"
            }
          ],
          "store_path": "/nix/store/mql535fpbrcjrq1b4bramynsdzxqqbf6-coreutils-9.7"
        },
        "aarch64-linux": {
          "outputs": [
            {
              "name": "out",
              "path": "/nix/store/nah7xd5bykv42vcn9n0gnhca3cha9fa1-coreutils-9.7",
              "default": true
            },
            {
              "name": "debug",
              "path": "/nix/store/65w7z7958jnxvka4nnancm9kpfazp85j-coreutils-9.7-debug"
            },
            {
              "name": "info",
              "path": "/nix/store/2p2qsw0y5x2dk7f787bf7j69mnih5kap-coreutils-9.7-info"
            }
          ],
          "store_path": "/nix/store/nah7xd5bykv42vcn9n0gnhca3cha9fa1-coreutils-9.7"
        },
        "x86_64-darwin": {
          "outputs": [
            {
              "name": "out",
              "path": "/nix/store/36izhv2xzc4lgdffd62wlg00vj7r95mh-coreutils-9.7",
              "default": true
            },
            {
              "name": "info",
              "path": "/nix/store/8afznbzvyvv568cly43jhx2ws3ryka3c-coreutils-9.7-info"
            }
          ],
          "store_path": "/nix/store/36izhv2xzc4lgdffd62wlg00vj7r95mh-coreutils-9.7"
        },
        "x86_64-linux": {
          "outputs": [
            {
              "name": "out",
              "path": "/nix/store/00bc157nm93q5fjz551fwk60ihlbilvj-coreutils-9.7",
              "default": true
            },
            {
              "name": "debug",
              "path": "/nix/store/kp0dg233q6nnh43gdk3jllbw1zbf3kkq-coreutils-9.7-debug"
            },
            {
              "name": "info",
              "path": "/nix/store/8vm4a4d1jplgnwy6zkx9nbd85h5cl23g-coreutils-9.7-info"
            }
          ],
          "store_path": "/nix/store/00bc157nm93q5fjz551fwk60ihlbilvj-coreutils-9.7"
        }
      }
    },
    "envsubst@latest": {
      "last_modified": "2025-10-07T08:41:47Z",
      "resolved": "github:NixOS/nixpkgs/bce5fe2bb998488d8e7e7856315f90496723793c#envsubst",
      "source": "devbox-search",
      "version": "1.4.3",
      "systems": {
        "aarch64-darwin": {
          "outputs": [
            {
              "name": "out",
              "path": "/nix/store/xqrq40308q2yppxh56rrdi94s200by8c-envsubst-1.4.3",
              "default": true
            }
          ],
          "store_path": "/nix/store/xqrq40308q2yppxh56rrdi94s200by8c-envsubst-1.4.3"
        },
        "aarch64-linux": {
          "outputs": [
            {
              "name": "out",
              "path": "/nix/store/lpa03zaqjhy0jgnbj44cb8n0fjy09aj9-envsubst-1.4.3",
              "default": true
            }
          ],
          "store_path": "/nix/store/lpa03zaqjhy0jgnbj44cb8n0fjy09aj9-envsubst-1.4.3"
        },
        "x86_64-darwin": {
          "outputs": [
            {
              "name": "out",
              "path": "/nix/store/mniq0pl58xmk85p0zv7i05s93b3fj06d-envsubst-1.4.3",
              "default": true
            }
          ],
          "store_path": "/nix/store/mniq0pl58xmk85p0zv7i05s93b3fj06d-envsubst-1.4.3"
        },
        "x86_64-linux": {
          "outputs": [
            {
              "name": "out",
              "path": "/nix/store/4mad7380cdpb72h0gpd042kp7lygf0gl-envsubst-1.4.3",
              "default": true
            }
          ],
          "store_path": "/nix/store/4mad7380cdpb72h0gpd042kp7lygf0gl-envsubst-1.4.3"
        }
      }
    },
    "fping@latest": {
      "last_modified": "2025-10-07T08:41:47Z",
      "resolved": "github:NixOS/nixpkgs/bce5fe2bb998488d8e7e7856315f90496723793c#fping",
      "source": "devbox-search",
      "version": "5.4",
      "systems": {
        "aarch64-darwin": {
          "outputs": [
            {
              "name": "out",
              "path": "/nix/store/pafy3hqvwinmb7kwrpsrq9wqj76h8xds-fping-5.4",
              "default": true
            }
          ],
          "store_path": "/nix/store/pafy3hqvwinmb7kwrpsrq9wqj76h8xds-fping-5.4"
        },
        "aarch64-linux": {
          "outputs": [
            {
              "name": "out",
              "path": "/nix/store/v2n42znsy93d6j912g5s1ji7d7kg5aam-fping-5.4",
              "default": true
            }
          ],
          "store_path": "/nix/store/v2n42znsy93d6j912g5s1ji7d7kg5aam-fping-5.4"
        },
        "x86_64-darwin": {
          "outputs": [
            {
              "name": "out",
              "path": "/nix/store/5acrkrpmdh4mkxh9zdnp35xglq5xw4vq-fping-5.4",
              "default": true
            }
          ],
          "store_path": "/nix/store/5acrkrpmdh4mkxh9zdnp35xglq5xw4vq-fping-5.4"
        },
        "x86_64-linux": {
          "outputs": [
            {
              "name": "out",
              "path": "/nix/store/i7zvar0b3kdvwrzrf9r1hqbiy2hwlgyc-fping-5.4",
              "default": true
            }
          ],
          "store_path": "/nix/store/i7zvar0b3kdvwrzrf9r1hqbiy2hwlgyc-fping-5.4"
        }
      }
    },
    "ginkgo@latest": {
      "last_modified": "2025-10-07T08:41:47Z",
      "resolved": "github:NixOS/nixpkgs/bce5fe2bb998488d8e7e7856315f90496723793c#ginkgo",
      "source": "devbox-search",
      "version": "2.26.0",
      "systems": {
        "aarch64-darwin": {
          "outputs": [
            {
              "name": "out",
              "path": "/nix/store/qh2askxczf6jg5kfw1szj7pvah55zaiq-ginkgo-2.26.0",
              "default": true
            }
          ],
          "store_path": "/nix/store/qh2askxczf6jg5kfw1szj7pvah55zaiq-ginkgo-2.26.0"
        },
        "aarch64-linux": {
          "outputs": [
            {
              "name": "out",
              "path": "/nix/store/c062naqrwxz3ymxyly1n5zgzzgmkbhlh-ginkgo-2.26.0",
              "default": true
            }
          ],
          "store_path": "/nix/store/c062naqrwxz3ymxyly1n5zgzzgmkbhlh-ginkgo-2.26.0"
        },
        "x86_64-darwin": {
          "outputs": [
            {
              "name": "out",
              "path": "/nix/store/k2fnnd6kwxwqb6zjrv6c3zx4snpd801q-ginkgo-2.26.0",
              "default": true
            }
          ],
          "store_path": "/nix/store/k2fnnd6kwxwqb6zjrv6c3zx4snpd801q-ginkgo-2.26.0"
        },
        "x86_64-linux": {
          "outputs": [
            {
              "name": "out",
              "path": "/nix/store/djlbfs24cqyxyr25ym2k2j691zrs88z7-ginkgo-2.26.0",
              "default": true
            }
          ],
          "store_path": "/nix/store/djlbfs24cqyxyr25ym2k2j691zrs88z7-ginkgo-2.26.0"
        }
      }
    },
    "github:NixOS/nixpkgs/nixpkgs-unstable": {
      "resolved": "github:NixOS/nixpkgs/ffcdcf99d65c61956d882df249a9be53e5902ea5?lastModified=1762361079&narHash=sha256-lz718rr1BDpZBYk7%2BG8cE6wee3PiBUpn8aomG%2FvLLiY%3D"
    },
    "gnumake@latest": {
      "last_modified": "2025-10-07T08:41:47Z",
      "resolved": "github:NixOS/nixpkgs/bce5fe2bb998488d8e7e7856315f90496723793c#gnumake",
      "source": "devbox-search",
      "version": "4.4.1",
      "systems": {
        "aarch64-darwin": {
          "outputs": [
            {
              "name": "out",
              "path": "/nix/store/308q7v3aaiw4d1wjijy7xcszlgnfadb6-gnumake-4.4.1",
              "default": true
            },
            {
              "name": "man",
              "path": "/nix/store/dkvrvkwhb259fgmndacwafvvh4bnli2p-gnumake-4.4.1-man",
              "default": true
            },
            {
              "name": "info",
              "path": "/nix/store/sm48wfivmhljjpyhfnmzpf563jgj33mz-gnumake-4.4.1-info"
            }
          ],
          "store_path": "/nix/store/308q7v3aaiw4d1wjijy7xcszlgnfadb6-gnumake-4.4.1"
        },
        "aarch64-linux": {
          "outputs": [
            {
              "name": "out",
              "path": "/nix/store/vcrz2m3vg65ipcsng5il3lppdjkzjq3l-gnumake-4.4.1",
              "default": true
            },
            {
              "name": "man",
              "path": "/nix/store/vrsjc5zm54xvjryf3w8cln538lj6ni4x-gnumake-4.4.1-man",
              "default": true
            },
            {
              "name": "debug",
              "path": "/nix/store/0d4xkinli9gx5axy7mgn1x42lz17q94m-gnumake-4.4.1-debug"
            },
            {
              "name": "info",
              "path": "/nix/store/0vls7lnzb6lzv0r558qc4q8jg958isc3-gnumake-4.4.1-info"
            }
          ],
          "store_path": "/nix/store/vcrz2m3vg65ipcsng5il3lppdjkzjq3l-gnumake-4.4.1"
        },
        "x86_64-darwin": {
          "outputs": [
            {
              "name": "out",
              "path": "/nix/store/20mqrgg6bv22w6sis9ljssgqjf7byqby-gnumake-4.4.1",
              "default": true
            },
            {
              "name": "man",
              "path": "/nix/store/jdfjjl6lxr3011z74phfbdjzcmlllfw5-gnumake-4.4.1-man",
              "default": true
            },
            {
              "name": "info",
              "path": "/nix/store/my7zgdi3sjdrzx0rvyn67zs9nsk8m6bp-gnumake-4.4.1-info"
            }
          ],
          "store_path": "/nix/store/20mqrgg6bv22w6sis9ljssgqjf7byqby-gnumake-4.4.1"
        },
        "x86_64-linux": {
          "outputs": [
            {
              "name": "out",
              "path": "/nix/store/501f7gwkgv25pa4fv9xvixrhvgv1875k-gnumake-4.4.1",
              "default": true
            },
            {
              "name": "man",
              "path": "/nix/store/lj5ln02qqgpd5g0n0pm1s3c5lazkcn54-gnumake-4.4.1-man",
              "default": true
            },
            {
              "name": "debug",
              "path": "/nix/store/h6nv4xwxfy6cjq8iklnd11all52550f6-gnumake-4.4.1-debug"
            },
            {
              "name": "info",
              "path": "/nix/store/qn84s5mi367wlpifmxpam2vmdqmjnqba-gnumake-4.4.1-info"
            }
          ],
          "store_path": "/nix/store/501f7gwkgv25pa4fv9xvixrhvgv1875k-gnumake-4.4.1"
        }
      }
    },
    "go@latest": {
      "last_modified": "2025-10-07T08:41:47Z",
      "resolved": "github:NixOS/nixpkgs/bce5fe2bb998488d8e7e7856315f90496723793c#go",
      "source": "devbox-search",
      "version": "1.25.1",
      "systems": {
        "aarch64-darwin": {
          "outputs": [
            {
              "name": "out",
              "path": "/nix/store/mkdfnr1nkfj2kznxyag9pypbxp3wqqdv-go-1.25.1",
              "default": true
            }
          ],
          "store_path": "/nix/store/mkdfnr1nkfj2kznxyag9pypbxp3wqqdv-go-1.25.1"
        },
        "aarch64-linux": {
          "outputs": [
            {
              "name": "out",
              "path": "/nix/store/0jzj8p7k9wkr4l17sgrlg3z5di27sggf-go-1.25.1",
              "default": true
            }
          ],
          "store_path": "/nix/store/0jzj8p7k9wkr4l17sgrlg3z5di27sggf-go-1.25.1"
        },
        "x86_64-darwin": {
          "outputs": [
            {
              "name": "out",
              "path": "/nix/store/q2xylk8h3kbfajhw2lpdmyzyyqgqx8fl-go-1.25.1",
              "default": true
            }
          ],
          "store_path": "/nix/store/q2xylk8h3kbfajhw2lpdmyzyyqgqx8fl-go-1.25.1"
        },
        "x86_64-linux": {
          "outputs": [
            {
              "name": "out",
              "path": "/nix/store/f01qkydd3c2jqwi4w6hkddkf3blp16kw-go-1.25.1",
              "default": true
            }
          ],
          "store_path": "/nix/store/f01qkydd3c2jqwi4w6hkddkf3blp16kw-go-1.25.1"
        }
      }
    },
    "gotestsum@latest": {
      "last_modified": "2025-10-07T08:41:47Z",
      "resolved": "github:NixOS/nixpkgs/bce5fe2bb998488d8e7e7856315f90496723793c#gotestsum",
      "source": "devbox-search",
      "version": "1.13.0",
      "systems": {
        "aarch64-darwin": {
          "outputs": [
            {
              "name": "out",
              "path": "/nix/store/r57r2csrjm1b2wqwkw7f0hhlqv7mhpgv-gotestsum-1.13.0",
              "default": true
            }
          ],
          "store_path": "/nix/store/r57r2csrjm1b2wqwkw7f0hhlqv7mhpgv-gotestsum-1.13.0"
        },
        "aarch64-linux": {
          "outputs": [
            {
              "name": "out",
              "path": "/nix/store/lxrbkd1m0cwj7hh98jhv7mvksgv9w4jm-gotestsum-1.13.0",
              "default": true
            }
          ],
          "store_path": "/nix/store/lxrbkd1m0cwj7hh98jhv7mvksgv9w4jm-gotestsum-1.13.0"
        },
        "x86_64-darwin": {
          "outputs": [
            {
              "name": "out",
              "path": "/nix/store/iqy24kjzl82mn4jpc83s0y5gcriccprk-gotestsum-1.13.0",
              "default": true
            }
          ],
          "store_path": "/nix/store/iqy24kjzl82mn4jpc83s0y5gcriccprk-gotestsum-1.13.0"
        },
        "x86_64-linux": {
          "outputs": [
            {
              "name": "out",
              "path": "/nix/store/p40xzfrjh0lf6w0l6wlk8zs27xj6wckw-gotestsum-1.13.0",
              "default": true
            }
          ],
          "store_path": "/nix/store/p40xzfrjh0lf6w0l6wlk8zs27xj6wckw-gotestsum-1.13.0"
        }
      }
    },
    "kind@latest": {
      "last_modified": "2025-10-07T08:41:47Z",
      "resolved": "github:NixOS/nixpkgs/bce5fe2bb998488d8e7e7856315f90496723793c#kind",
      "source": "devbox-search",
      "version": "0.30.0",
      "systems": {
        "aarch64-darwin": {
          "outputs": [
            {
              "name": "out",
              "path": "/nix/store/7j497fgkwc6hf0s6r4fhv039l5fvr9hp-kind-0.30.0",
              "default": true
            }
          ],
          "store_path": "/nix/store/7j497fgkwc6hf0s6r4fhv039l5fvr9hp-kind-0.30.0"
        },
        "aarch64-linux": {
          "outputs": [
            {
              "name": "out",
              "path": "/nix/store/7hyylmh4wwq2wviykzcjgvpsgcc3fy6f-kind-0.30.0",
              "default": true
            }
          ],
          "store_path": "/nix/store/7hyylmh4wwq2wviykzcjgvpsgcc3fy6f-kind-0.30.0"
        },
        "x86_64-darwin": {
          "outputs": [
            {
              "name": "out",
              "path": "/nix/store/fzpysk98r712zr79y4a64vyzqkg165rv-kind-0.30.0",
              "default": true
            }
          ],
          "store_path": "/nix/store/fzpysk98r712zr79y4a64vyzqkg165rv-kind-0.30.0"
        },
        "x86_64-linux": {
          "outputs": [
            {
              "name": "out",
              "path": "/nix/store/xlf4bljz86yn20ipha6a5a66xh440z52-kind-0.30.0",
              "default": true
            }
          ],
          "store_path": "/nix/store/xlf4bljz86yn20ipha6a5a66xh440z52-kind-0.30.0"
        }
      }
    },
    "ko@latest": {
      "last_modified": "2025-10-07T08:41:47Z",
      "resolved": "github:NixOS/nixpkgs/bce5fe2bb998488d8e7e7856315f90496723793c#ko",
      "source": "devbox-search",
      "version": "0.18.0",
      "systems": {
        "aarch64-darwin": {
          "outputs": [
            {
              "name": "out",
              "path": "/nix/store/bhk3y62sxqr4qdxgnykr7cs0xr8vn6x4-ko-0.18.0",
              "default": true
            }
          ],
          "store_path": "/nix/store/bhk3y62sxqr4qdxgnykr7cs0xr8vn6x4-ko-0.18.0"
        },
        "aarch64-linux": {
          "outputs": [
            {
              "name": "out",
              "path": "/nix/store/k5kqbsc80n42kz4apb0s8v992iqpmkl9-ko-0.18.0",
              "default": true
            }
          ],
          "store_path": "/nix/store/k5kqbsc80n42kz4apb0s8v992iqpmkl9-ko-0.18.0"
        },
        "x86_64-darwin": {
          "outputs": [
            {
              "name": "out",
              "path": "/nix/store/73s4bkrhvpaw42n1irz5rm14fd804sx9-ko-0.18.0",
              "default": true
            }
          ],
          "store_path": "/nix/store/73s4bkrhvpaw42n1irz5rm14fd804sx9-ko-0.18.0"
        },
        "x86_64-linux": {
          "outputs": [
            {
              "name": "out",
              "path": "/nix/store/z0dvy8l5pglxl06hfz7vd7zi2s1zakl2-ko-0.18.0",
              "default": true
            }
          ],
          "store_path": "/nix/store/z0dvy8l5pglxl06hfz7vd7zi2s1zakl2-ko-0.18.0"
        }
      }
    },
    "kubectl@latest": {
      "last_modified": "2025-10-22T20:59:19Z",
      "resolved": "github:NixOS/nixpkgs/01b6809f7f9d1183a2b3e081f0a1e6f8f415cb09#kubectl",
      "source": "devbox-search",
      "version": "1.34.1",
      "systems": {
        "aarch64-darwin": {
          "outputs": [
            {
              "name": "out",
              "path": "/nix/store/pv5lknr9a985cdmxy0zqg0vk0562w1js-kubectl-1.34.1",
              "default": true
            },
            {
              "name": "man",
              "path": "/nix/store/5xfa19i31d4vhvbjihf6inqbp410fsp5-kubectl-1.34.1-man",
              "default": true
            },
            {
              "name": "convert",
              "path": "/nix/store/ciffxa4czjlmjzmq4yq21l8zkjvadxsq-kubectl-1.34.1-convert"
            }
          ],
          "store_path": "/nix/store/pv5lknr9a985cdmxy0zqg0vk0562w1js-kubectl-1.34.1"
        },
        "aarch64-linux": {
          "outputs": [
            {
              "name": "out",
              "path": "/nix/store/8xfnh8k465mm5q2cnh83hqk3h4p9i9n2-kubectl-1.34.1",
              "default": true
            },
            {
              "name": "man",
              "path": "/nix/store/0s8wk88y5rnvnbgsy77x3ak02fnsq01i-kubectl-1.34.1-man",
              "default": true
            },
            {
              "name": "convert",
              "path": "/nix/store/hhdzbn767znxinwswfqab0d0bg2jpwln-kubectl-1.34.1-convert"
            }
          ],
          "store_path": "/nix/store/8xfnh8k465mm5q2cnh83hqk3h4p9i9n2-kubectl-1.34.1"
        },
        "x86_64-darwin": {
          "outputs": [
            {
              "name": "out",
              "path": "/nix/store/80mql1xb9i7l5pb9cs5kmmgxhp351lv1-kubectl-1.34.1",
              "default": true
            },
            {
              "name": "man",
              "path": "/nix/store/qf79cl59w1kga58030s9a9nvk2b3m1qc-kubectl-1.34.1-man",
              "default": true
            },
            {
              "name": "convert",
              "path": "/nix/store/0msa3w7f7bazgfpa2icmz7fkvcdrn4d7-kubectl-1.34.1-convert"
            }
          ],
          "store_path": "/nix/store/80mql1xb9i7l5pb9cs5kmmgxhp351lv1-kubectl-1.34.1"
        },
        "x86_64-linux": {
          "outputs": [
            {
              "name": "out",
              "path": "/nix/store/hkdsjac8x7pvq0lmazmg7qs6y8k6kayh-kubectl-1.34.1",
              "default": true
            },
            {
              "name": "man",
              "path": "/nix/store/g5wlm6mrnf1pgjqapfb5r8zkh37rizgf-kubectl-1.34.1-man",
              "default": true
            },
            {
              "name": "convert",
              "path": "/nix/store/aq74byw89ckq4hiw85gl2cq4c8h99wqi-kubectl-1.34.1-convert"
            }
          ],
          "store_path": "/nix/store/hkdsjac8x7pvq0lmazmg7qs6y8k6kayh-kubectl-1.34.1"
        }
      }
    }
  }
}
