{
  "lockfile_version": "1",
  "packages": {
    "bash@latest": {
      "last_modified": "2024-05-09T19:13:33Z",
      "resolved": "github:NixOS/nixpkgs/cc6431d5598071f0021efc6c009c79e5b5fe1617#bash",
      "source": "devbox-search",
      "version": "5.2p26",
      "systems": {
        "aarch64-darwin": {
          "outputs": [
            {
              "name": "out",
              "path": "/nix/store/93haq4cas597hmsmvq3g59rjf02c5frw-bash-5.2p26",
              "default": true
            },
            {
              "name": "man",
              "path": "/nix/store/d4a5w2fn6m8kxr1dgcjl6gqi75ssk5w4-bash-5.2p26-man",
              "default": true
            },
            {
              "name": "dev",
              "path": "/nix/store/c9y9a5xqk520qiihmm6gl8h83cmrxjij-bash-5.2p26-dev"
            },
            {
              "name": "doc",
              "path": "/nix/store/8bicwwpxkgnvd2aaz8w9mwjwjpcp0kf2-bash-5.2p26-doc"
            },
            {
              "name": "info",
              "path": "/nix/store/nz26gqy308rglmkqlkqay9mia3ybi38a-bash-5.2p26-info"
            }
          ],
          "store_path": "/nix/store/93haq4cas597hmsmvq3g59rjf02c5frw-bash-5.2p26"
        },
        "aarch64-linux": {
          "outputs": [
            {
              "name": "out",
              "path": "/nix/store/vn6i7147snwngwgqbxsvwa5kc7rmdm60-bash-5.2p26",
              "default": true
            },
            {
              "name": "man",
              "path": "/nix/store/vqhsc68mp3m75x9b7kmc36w6kwmrvxbx-bash-5.2p26-man",
              "default": true
            },
            {
              "name": "debug",
              "path": "/nix/store/mlwkjzzd908lsfn3kgab9mbdj33a7jpv-bash-5.2p26-debug"
            },
            {
              "name": "dev",
              "path": "/nix/store/xbdw76bxb730x94p58qmvq4wh83yijb9-bash-5.2p26-dev"
            },
            {
              "name": "doc",
              "path": "/nix/store/ydnpbkk4nb1r6r8cs1qyl1mm23j5vz3d-bash-5.2p26-doc"
            },
            {
              "name": "info",
              "path": "/nix/store/3ppacfk752zjbvvapr5lplk8b4s43rhj-bash-5.2p26-info"
            }
          ],
          "store_path": "/nix/store/vn6i7147snwngwgqbxsvwa5kc7rmdm60-bash-5.2p26"
        },
        "x86_64-darwin": {
          "outputs": [
            {
              "name": "out",
              "path": "/nix/store/dcd018g56mxjpa6vq8hm0d7xvwbxsjqx-bash-5.2p26",
              "default": true
            },
            {
              "name": "man",
              "path": "/nix/store/xzinyqyk4r4vfcxh9zb4qdj574sqsjiv-bash-5.2p26-man",
              "default": true
            },
            {
              "name": "doc",
              "path": "/nix/store/w4y1mplhd6k542gcz4l7wnl13cbaigdw-bash-5.2p26-doc"
            },
            {
              "name": "info",
              "path": "/nix/store/al18b4ys0mj2ggbhc33xf2dykcihqxp2-bash-5.2p26-info"
            },
            {
              "name": "dev",
              "path": "/nix/store/sjb94plj3j8gqw77hgfzmjgw0i10zm50-bash-5.2p26-dev"
            }
          ],
          "store_path": "/nix/store/dcd018g56mxjpa6vq8hm0d7xvwbxsjqx-bash-5.2p26"
        },
        "x86_64-linux": {
          "outputs": [
            {
              "name": "out",
              "path": "/nix/store/h3bhzvz9ipglcybbcvkxvm4vg9lwvqg4-bash-5.2p26",
              "default": true
            },
            {
              "name": "man",
              "path": "/nix/store/czqmgc4ka02bad6dqrby7k7gikg4b1g3-bash-5.2p26-man",
              "default": true
            },
            {
              "name": "debug",
              "path": "/nix/store/p8h41m8b4csa9gph4qd585mbaqv6qlzk-bash-5.2p26-debug"
            },
            {
              "name": "dev",
              "path": "/nix/store/dqraw4p09c6qmlk9am08aykff762nlig-bash-5.2p26-dev"
            },
            {
              "name": "doc",
              "path": "/nix/store/l7aghlcyr6y44jh1hn5mx1ikmq43a7vg-bash-5.2p26-doc"
            },
            {
              "name": "info",
              "path": "/nix/store/cjp2abx326l3i81awc5g4qvly390qchs-bash-5.2p26-info"
            }
          ],
          "store_path": "/nix/store/h3bhzvz9ipglcybbcvkxvm4vg9lwvqg4-bash-5.2p26"
        }
      }
    },
    "clusterctl@latest": {
      "last_modified": "2025-02-20T02:45:56Z",
      "resolved": "github:NixOS/nixpkgs/dad564433178067be1fbdfcce23b546254b6d641#clusterctl",
      "source": "devbox-search",
      "version": "1.9.5",
      "systems": {
        "aarch64-darwin": {
          "outputs": [
            {
              "name": "out",
              "path": "/nix/store/z2bfiacgkwgdnh4wzz6nj8jlbm0c6g1f-clusterctl-1.9.5",
              "default": true
            }
          ],
          "store_path": "/nix/store/z2bfiacgkwgdnh4wzz6nj8jlbm0c6g1f-clusterctl-1.9.5"
        },
        "aarch64-linux": {
          "outputs": [
            {
              "name": "out",
              "path": "/nix/store/wd5djgad2qi16kmzklpxhmahyxghqyvf-clusterctl-1.9.5",
              "default": true
            }
          ],
          "store_path": "/nix/store/wd5djgad2qi16kmzklpxhmahyxghqyvf-clusterctl-1.9.5"
        },
        "x86_64-darwin": {
          "outputs": [
            {
              "name": "out",
              "path": "/nix/store/d7215qdw9q0r08bv5ndsv5sfci1aidvy-clusterctl-1.9.5",
              "default": true
            }
          ],
          "store_path": "/nix/store/d7215qdw9q0r08bv5ndsv5sfci1aidvy-clusterctl-1.9.5"
        },
        "x86_64-linux": {
          "outputs": [
            {
              "name": "out",
              "path": "/nix/store/s3fsmnxsiz1gv5gk81igbw46ijkidv43-clusterctl-1.9.5",
              "default": true
            }
          ],
          "store_path": "/nix/store/s3fsmnxsiz1gv5gk81igbw46ijkidv43-clusterctl-1.9.5"
        }
      }
    },
    "coreutils@latest": {
      "last_modified": "2024-06-12T20:55:33Z",
      "resolved": "github:NixOS/nixpkgs/a9858885e197f984d92d7fe64e9fff6b2e488d40#coreutils",
      "source": "devbox-search",
      "version": "9.5",
      "systems": {
        "aarch64-darwin": {
          "outputs": [
            {
              "name": "out",
              "path": "/nix/store/47zwbmparr2g3b0hci44vma95k1j8a3v-coreutils-9.5",
              "default": true
            },
            {
              "name": "info",
              "path": "/nix/store/synvgqgdhvbj2b37ja3bn56f2yx08r2r-coreutils-9.5-info"
            }
          ],
          "store_path": "/nix/store/47zwbmparr2g3b0hci44vma95k1j8a3v-coreutils-9.5"
        },
        "aarch64-linux": {
          "outputs": [
            {
              "name": "out",
              "path": "/nix/store/84yg60swk80b04apprb1432kir41bvzj-coreutils-9.5",
              "default": true
            },
            {
              "name": "info",
              "path": "/nix/store/n62qzcipxl2060qyq8h79wa94mq81cdr-coreutils-9.5-info"
            },
            {
              "name": "debug",
              "path": "/nix/store/4nhkjwjckrypgfbg781gap2irradpcn4-coreutils-9.5-debug"
            }
          ],
          "store_path": "/nix/store/84yg60swk80b04apprb1432kir41bvzj-coreutils-9.5"
        },
        "x86_64-darwin": {
          "outputs": [
            {
              "name": "out",
              "path": "/nix/store/nx7b6wz48p7lli49ms54zp9j4s4yjjf5-coreutils-9.5",
              "default": true
            },
            {
              "name": "info",
              "path": "/nix/store/k9g3chvxb1zff1la6fvswp0dxvriii3g-coreutils-9.5-info"
            }
          ],
          "store_path": "/nix/store/nx7b6wz48p7lli49ms54zp9j4s4yjjf5-coreutils-9.5"
        },
        "x86_64-linux": {
          "outputs": [
            {
              "name": "out",
              "path": "/nix/store/i7qhgc0bs725qw3wdanznfkdna4z2ns2-coreutils-9.5",
              "default": true
            },
            {
              "name": "debug",
              "path": "/nix/store/8467bx2i423s8d2dnl0529q9q8mpr9h2-coreutils-9.5-debug"
            },
            {
              "name": "info",
              "path": "/nix/store/d33w475g5g30crnr2in1w3b9ifpm46h5-coreutils-9.5-info"
            }
          ],
          "store_path": "/nix/store/i7qhgc0bs725qw3wdanznfkdna4z2ns2-coreutils-9.5"
        }
      }
    },
    "envsubst@latest": {
      "last_modified": "2024-09-10T15:01:03Z",
      "resolved": "github:NixOS/nixpkgs/5ed627539ac84809c78b2dd6d26a5cebeb5ae269#envsubst",
      "source": "devbox-search",
      "version": "1.4.2",
      "systems": {
        "aarch64-darwin": {
          "outputs": [
            {
              "name": "out",
              "path": "/nix/store/wwpqj6p5kkz7a8ivxpb4qgkq32vjbbi8-envsubst-1.4.2",
              "default": true
            }
          ],
          "store_path": "/nix/store/wwpqj6p5kkz7a8ivxpb4qgkq32vjbbi8-envsubst-1.4.2"
        },
        "aarch64-linux": {
          "outputs": [
            {
              "name": "out",
              "path": "/nix/store/8h69368kx3jmlza31r8pcnxc58cqklcp-envsubst-1.4.2",
              "default": true
            }
          ],
          "store_path": "/nix/store/8h69368kx3jmlza31r8pcnxc58cqklcp-envsubst-1.4.2"
        },
        "x86_64-darwin": {
          "outputs": [
            {
              "name": "out",
              "path": "/nix/store/pll5kcsj1c87f2fgjvh73jn3jv4sqk8v-envsubst-1.4.2",
              "default": true
            }
          ],
          "store_path": "/nix/store/pll5kcsj1c87f2fgjvh73jn3jv4sqk8v-envsubst-1.4.2"
        },
        "x86_64-linux": {
          "outputs": [
            {
              "name": "out",
              "path": "/nix/store/0vnhf886n6pj0r6x7y8c1flzch1gs20f-envsubst-1.4.2",
              "default": true
            }
          ],
          "store_path": "/nix/store/0vnhf886n6pj0r6x7y8c1flzch1gs20f-envsubst-1.4.2"
        }
      }
    },
    "fping@latest": {
      "last_modified": "2024-06-12T20:55:33Z",
      "resolved": "github:NixOS/nixpkgs/a9858885e197f984d92d7fe64e9fff6b2e488d40#fping",
      "source": "devbox-search",
      "version": "5.2",
      "systems": {
        "aarch64-darwin": {
          "outputs": [
            {
              "name": "out",
              "path": "/nix/store/clxfp6jl0d2fs1bp2d1278534n2gixbj-fping-5.2",
              "default": true
            }
          ],
          "store_path": "/nix/store/clxfp6jl0d2fs1bp2d1278534n2gixbj-fping-5.2"
        },
        "aarch64-linux": {
          "outputs": [
            {
              "name": "out",
              "path": "/nix/store/ilzq042wih0h5vdzxcpf6sd826h37g6w-fping-5.2",
              "default": true
            }
          ],
          "store_path": "/nix/store/ilzq042wih0h5vdzxcpf6sd826h37g6w-fping-5.2"
        },
        "x86_64-darwin": {
          "outputs": [
            {
              "name": "out",
              "path": "/nix/store/hrh3202f2njx3skj3xn33fish5az5691-fping-5.2",
              "default": true
            }
          ],
          "store_path": "/nix/store/hrh3202f2njx3skj3xn33fish5az5691-fping-5.2"
        },
        "x86_64-linux": {
          "outputs": [
            {
              "name": "out",
              "path": "/nix/store/2nr99jpa9g7b5z8pwj85awzh4qbhas28-fping-5.2",
              "default": true
            }
          ],
          "store_path": "/nix/store/2nr99jpa9g7b5z8pwj85awzh4qbhas28-fping-5.2"
        }
      }
    },
    "ginkgo@latest": {
      "last_modified": "2025-02-07T11:26:36Z",
      "resolved": "github:NixOS/nixpkgs/d98abf5cf5914e5e4e9d57205e3af55ca90ffc1d#ginkgo",
      "source": "devbox-search",
      "version": "2.22.2",
      "systems": {
        "aarch64-darwin": {
          "outputs": [
            {
              "name": "out",
              "path": "/nix/store/gj8hkypjk2lzl5dv52x89sfgg0i6856k-ginkgo-2.22.2",
              "default": true
            }
          ],
          "store_path": "/nix/store/gj8hkypjk2lzl5dv52x89sfgg0i6856k-ginkgo-2.22.2"
        },
        "aarch64-linux": {
          "outputs": [
            {
              "name": "out",
              "path": "/nix/store/dr6iqm8qk3a04s0i4s07lclxnycnjws5-ginkgo-2.22.2",
              "default": true
            }
          ],
          "store_path": "/nix/store/dr6iqm8qk3a04s0i4s07lclxnycnjws5-ginkgo-2.22.2"
        },
        "x86_64-darwin": {
          "outputs": [
            {
              "name": "out",
              "path": "/nix/store/4yp3npr5l39r31ab29pnghjv7r7gg6c2-ginkgo-2.22.2",
              "default": true
            }
          ],
          "store_path": "/nix/store/4yp3npr5l39r31ab29pnghjv7r7gg6c2-ginkgo-2.22.2"
        },
        "x86_64-linux": {
          "outputs": [
            {
              "name": "out",
              "path": "/nix/store/9xcay9qlzhmnc0jhvyzkblqnbiqlzya8-ginkgo-2.22.2",
              "default": true
            }
          ],
          "store_path": "/nix/store/9xcay9qlzhmnc0jhvyzkblqnbiqlzya8-ginkgo-2.22.2"
        }
      }
    },
    "github:NixOS/nixpkgs/nixpkgs-unstable": {
      "resolved": "github:NixOS/nixpkgs/de0fe301211c267807afd11b12613f5511ff7433?lastModified=1741310760&narHash=sha256-aizILFrPgq%2FW53Jw8i0a1h1GZAAKtlYOrG%2FA5r46gVM%3D"
    },
    "gnumake@latest": {
      "last_modified": "2024-09-10T15:01:03Z",
      "resolved": "github:NixOS/nixpkgs/5ed627539ac84809c78b2dd6d26a5cebeb5ae269#gnumake",
      "source": "devbox-search",
      "version": "4.4.1",
      "systems": {
        "aarch64-darwin": {
          "outputs": [
            {
              "name": "out",
              "path": "/nix/store/6mcdimq65bpmk4ccsbwk8zqqv0w57xki-gnumake-4.4.1",
              "default": true
            },
            {
              "name": "man",
              "path": "/nix/store/slxjfzk0mi14ffhiry1kx635yi3hrdsg-gnumake-4.4.1-man",
              "default": true
            },
            {
              "name": "info",
              "path": "/nix/store/j755wklynl70bsffsmc72rqm0fg4y4dh-gnumake-4.4.1-info"
            }
          ],
          "store_path": "/nix/store/6mcdimq65bpmk4ccsbwk8zqqv0w57xki-gnumake-4.4.1"
        },
        "aarch64-linux": {
          "outputs": [
            {
              "name": "out",
              "path": "/nix/store/b9hsc0cxnjpgr0ni8zjfa8yfx9k9icyf-gnumake-4.4.1",
              "default": true
            },
            {
              "name": "man",
              "path": "/nix/store/yy4yzw27p2iw8vqhhqjw5dg2whl95dx0-gnumake-4.4.1-man",
              "default": true
            },
            {
              "name": "debug",
              "path": "/nix/store/srjsvl0v6q5rr29ihsm8qad1mjdh5qv4-gnumake-4.4.1-debug"
            },
            {
              "name": "info",
              "path": "/nix/store/qzd3k2d7f2gwz8cmvz3ddmxsvh6ax65b-gnumake-4.4.1-info"
            }
          ],
          "store_path": "/nix/store/b9hsc0cxnjpgr0ni8zjfa8yfx9k9icyf-gnumake-4.4.1"
        },
        "x86_64-darwin": {
          "outputs": [
            {
              "name": "out",
              "path": "/nix/store/jzc62mfpsqx2k1ncmqs5awd7c1511hf3-gnumake-4.4.1",
              "default": true
            },
            {
              "name": "man",
              "path": "/nix/store/g3pmxslr6wpyw5pzarjc5rz8imh0wkx0-gnumake-4.4.1-man",
              "default": true
            },
            {
              "name": "info",
              "path": "/nix/store/5c2p60izk67sjlf86c1sp7pzpjh3qw8i-gnumake-4.4.1-info"
            }
          ],
          "store_path": "/nix/store/jzc62mfpsqx2k1ncmqs5awd7c1511hf3-gnumake-4.4.1"
        },
        "x86_64-linux": {
          "outputs": [
            {
              "name": "out",
              "path": "/nix/store/09vbil20hj3gn9lb3djvbglyki9jr3i6-gnumake-4.4.1",
              "default": true
            },
            {
              "name": "man",
              "path": "/nix/store/swbhqvfjkrk0xqqnbhax93psq8n1gynr-gnumake-4.4.1-man",
              "default": true
            },
            {
              "name": "debug",
              "path": "/nix/store/idisl8srk1khjm4jhmikqwiacy5gzb2p-gnumake-4.4.1-debug"
            },
            {
              "name": "info",
              "path": "/nix/store/y1fmi86h3mr58s3yxjm65c3nnf5l5p9r-gnumake-4.4.1-info"
            }
          ],
          "store_path": "/nix/store/09vbil20hj3gn9lb3djvbglyki9jr3i6-gnumake-4.4.1"
        }
      }
    },
    "go@latest": {
      "last_modified": "2024-09-10T15:01:03Z",
      "resolved": "github:NixOS/nixpkgs/5ed627539ac84809c78b2dd6d26a5cebeb5ae269#go_1_23",
      "source": "devbox-search",
      "version": "1.23.1",
      "systems": {
        "aarch64-darwin": {
          "outputs": [
            {
              "name": "out",
              "path": "/nix/store/nvaay1c4banbccyvv6ba1gzyqpypjmfq-go-1.23.1",
              "default": true
            }
          ],
          "store_path": "/nix/store/nvaay1c4banbccyvv6ba1gzyqpypjmfq-go-1.23.1"
        },
        "aarch64-linux": {
          "outputs": [
            {
              "name": "out",
              "path": "/nix/store/9ylsay11jb3p6yarkmlz0fin76cdypwa-go-1.23.1",
              "default": true
            }
          ],
          "store_path": "/nix/store/9ylsay11jb3p6yarkmlz0fin76cdypwa-go-1.23.1"
        },
        "x86_64-darwin": {
          "outputs": [
            {
              "name": "out",
              "path": "/nix/store/zkg5xhyx2rs03dq0qp14nqlx9ff1y5c5-go-1.23.1",
              "default": true
            }
          ],
          "store_path": "/nix/store/zkg5xhyx2rs03dq0qp14nqlx9ff1y5c5-go-1.23.1"
        },
        "x86_64-linux": {
          "outputs": [
            {
              "name": "out",
              "path": "/nix/store/mi0ybwsm6pmxzv9hsm6bcbqaq1pkf8wh-go-1.23.1",
              "default": true
            }
          ],
          "store_path": "/nix/store/mi0ybwsm6pmxzv9hsm6bcbqaq1pkf8wh-go-1.23.1"
        }
      }
    },
    "gotestsum@latest": {
      "last_modified": "2024-09-10T15:01:03Z",
      "resolved": "github:NixOS/nixpkgs/5ed627539ac84809c78b2dd6d26a5cebeb5ae269#gotestsum",
      "source": "devbox-search",
      "version": "1.11.0",
      "systems": {
        "aarch64-darwin": {
          "outputs": [
            {
              "name": "out",
              "path": "/nix/store/gkq6wldjndpcgg3vx4la6dpp0sgmqm4y-gotestsum-1.11.0",
              "default": true
            }
          ],
          "store_path": "/nix/store/gkq6wldjndpcgg3vx4la6dpp0sgmqm4y-gotestsum-1.11.0"
        },
        "aarch64-linux": {
          "outputs": [
            {
              "name": "out",
              "path": "/nix/store/dqj7agwyi9h11hd3775dnn66lzi5w8x2-gotestsum-1.11.0",
              "default": true
            }
          ],
          "store_path": "/nix/store/dqj7agwyi9h11hd3775dnn66lzi5w8x2-gotestsum-1.11.0"
        },
        "x86_64-darwin": {
          "outputs": [
            {
              "name": "out",
              "path": "/nix/store/f5dph9gaf4d1xni7ysdvr76i86b8p85l-gotestsum-1.11.0",
              "default": true
            }
          ],
          "store_path": "/nix/store/f5dph9gaf4d1xni7ysdvr76i86b8p85l-gotestsum-1.11.0"
        },
        "x86_64-linux": {
          "outputs": [
            {
              "name": "out",
              "path": "/nix/store/d6wki0gr4y5b3442x496hqbnxbyd16px-gotestsum-1.11.0",
              "default": true
            }
          ],
          "store_path": "/nix/store/d6wki0gr4y5b3442x496hqbnxbyd16px-gotestsum-1.11.0"
        }
      }
    },
    "kind@latest": {
      "last_modified": "2024-09-10T15:01:03Z",
      "resolved": "github:NixOS/nixpkgs/5ed627539ac84809c78b2dd6d26a5cebeb5ae269#kind",
      "source": "devbox-search",
      "version": "0.24.0",
      "systems": {
        "aarch64-darwin": {
          "outputs": [
            {
              "name": "out",
              "path": "/nix/store/dh1xf5b09vn8j87kryr88yd47gq9ni8z-kind-0.24.0",
              "default": true
            }
          ],
          "store_path": "/nix/store/dh1xf5b09vn8j87kryr88yd47gq9ni8z-kind-0.24.0"
        },
        "aarch64-linux": {
          "outputs": [
            {
              "name": "out",
              "path": "/nix/store/bjjxkmdvan9agc6sv44rdhxjz9hv1igx-kind-0.24.0",
              "default": true
            }
          ],
          "store_path": "/nix/store/bjjxkmdvan9agc6sv44rdhxjz9hv1igx-kind-0.24.0"
        },
        "x86_64-darwin": {
          "outputs": [
            {
              "name": "out",
              "path": "/nix/store/nx6pfraywj21i01biaczny73p33dlzjr-kind-0.24.0",
              "default": true
            }
          ],
          "store_path": "/nix/store/nx6pfraywj21i01biaczny73p33dlzjr-kind-0.24.0"
        },
        "x86_64-linux": {
          "outputs": [
            {
              "name": "out",
              "path": "/nix/store/l19d666hq7hh64r9l9wpy2lwj0bxfm1a-kind-0.24.0",
              "default": true
            }
          ],
          "store_path": "/nix/store/l19d666hq7hh64r9l9wpy2lwj0bxfm1a-kind-0.24.0"
        }
      }
    },
    "ko@latest": {
      "last_modified": "2024-09-10T15:01:03Z",
      "resolved": "github:NixOS/nixpkgs/5ed627539ac84809c78b2dd6d26a5cebeb5ae269#ko",
      "source": "devbox-search",
      "version": "0.15.4",
      "systems": {
        "aarch64-darwin": {
          "outputs": [
            {
              "name": "out",
              "path": "/nix/store/cz1wlmdf1c04j0wc10fi6id7d3g7pa5w-ko-0.15.4",
              "default": true
            }
          ],
          "store_path": "/nix/store/cz1wlmdf1c04j0wc10fi6id7d3g7pa5w-ko-0.15.4"
        },
        "aarch64-linux": {
          "outputs": [
            {
              "name": "out",
              "path": "/nix/store/0csyy71avbjbrjwk04an0fr0iwq3n4xc-ko-0.15.4",
              "default": true
            }
          ],
          "store_path": "/nix/store/0csyy71avbjbrjwk04an0fr0iwq3n4xc-ko-0.15.4"
        },
        "x86_64-darwin": {
          "outputs": [
            {
              "name": "out",
              "path": "/nix/store/mvlja8c6mcqfhhb59jdl5kyg4lkckz98-ko-0.15.4",
              "default": true
            }
          ],
          "store_path": "/nix/store/mvlja8c6mcqfhhb59jdl5kyg4lkckz98-ko-0.15.4"
        },
        "x86_64-linux": {
          "outputs": [
            {
              "name": "out",
              "path": "/nix/store/33jsb1yw71in0lrjk150yhn9b0myawg3-ko-0.15.4",
              "default": true
            }
          ],
          "store_path": "/nix/store/33jsb1yw71in0lrjk150yhn9b0myawg3-ko-0.15.4"
        }
      }
    },
    "kubectl@latest": {
      "last_modified": "2024-06-15T05:08:39Z",
      "resolved": "github:NixOS/nixpkgs/e6cea36f83499eb4e9cd184c8a8e823296b50ad5#kubectl",
      "source": "devbox-search",
      "version": "1.30.2",
      "systems": {
        "aarch64-darwin": {
          "outputs": [
            {
              "name": "out",
              "path": "/nix/store/m0gbfz9gik98yzhgcd6xidciy6cx97db-kubectl-1.30.2",
              "default": true
            },
            {
              "name": "man",
              "path": "/nix/store/rlhd3f9cp4dr9hbgla1cxrjf3xpb10nz-kubectl-1.30.2-man",
              "default": true
            },
            {
              "name": "convert",
              "path": "/nix/store/c4gfbvanvb8gvjy4aaf72b1q02k9s05x-kubectl-1.30.2-convert"
            }
          ],
          "store_path": "/nix/store/m0gbfz9gik98yzhgcd6xidciy6cx97db-kubectl-1.30.2"
        },
        "aarch64-linux": {
          "outputs": [
            {
              "name": "out",
              "path": "/nix/store/xapz2mx1cz0waydn2c4d0909gxi86x1z-kubectl-1.30.2",
              "default": true
            },
            {
              "name": "man",
              "path": "/nix/store/m9j55k3ljhzdabckfvfna8wcxjqh3bj7-kubectl-1.30.2-man",
              "default": true
            },
            {
              "name": "convert",
              "path": "/nix/store/nwdry7pfxjddsfajj3hp0lz32vj1yc07-kubectl-1.30.2-convert"
            }
          ],
          "store_path": "/nix/store/xapz2mx1cz0waydn2c4d0909gxi86x1z-kubectl-1.30.2"
        },
        "x86_64-darwin": {
          "outputs": [
            {
              "name": "out",
              "path": "/nix/store/xz4glrff9rjyai98zkzf4x1r854f5p18-kubectl-1.30.2",
              "default": true
            },
            {
              "name": "man",
              "path": "/nix/store/icza9d5c34sjhai6h5z42rxz5yc206dz-kubectl-1.30.2-man",
              "default": true
            },
            {
              "name": "convert",
              "path": "/nix/store/70qir3fkkpq4zkymzw3r8nf6x3x2zbf7-kubectl-1.30.2-convert"
            }
          ],
          "store_path": "/nix/store/xz4glrff9rjyai98zkzf4x1r854f5p18-kubectl-1.30.2"
        },
        "x86_64-linux": {
          "outputs": [
            {
              "name": "out",
              "path": "/nix/store/a9ap9aay0smjsgrs2wlza4375zg28ci5-kubectl-1.30.2",
              "default": true
            },
            {
              "name": "man",
              "path": "/nix/store/hx19q9wnhnwlqj5995qj42b1m4dv7qz7-kubectl-1.30.2-man",
              "default": true
            },
            {
              "name": "convert",
              "path": "/nix/store/9ms9azzhws45fzbjks1m888i50x1hgl0-kubectl-1.30.2-convert"
            }
          ],
          "store_path": "/nix/store/a9ap9aay0smjsgrs2wlza4375zg28ci5-kubectl-1.30.2"
        }
      }
    }
  }
}
